
Microsoft Visual Studio Solution File, Format Version 12.00
# Visual Studio Version 17
VisualStudioVersion = 17.4.33205.214
MinimumVisualStudioVersion = 10.0.40219.1
Project("{8BC9CEB8-8B4A-11D0-8D11-00A0C91BC942}") = "ProjectCodegaming", "ProjectCodegaming\ProjectCodegaming.vcxproj", "{E8707138-48C2-439C-9E11-C1E10A4D7C8A}"
EndProject
Project("{8BC9CEB8-8B4A-11D0-8D11-00A0C91BC942}") = "Project1", "Project1\Project1.vcxproj", "{6EC87EDF-EBCB-4E3C-A673-75425F6DDD27}"
EndProject
Global
	GlobalSection(SolutionConfigurationPlatforms) = preSolution
		Debug|x64 = Debug|x64
		Debug|x86 = Debug|x86
		Release|x64 = Release|x64
		Release|x86 = Release|x86
	EndGlobalSection
	GlobalSection(ProjectConfigurationPlatforms) = postSolution
		{E8707138-48C2-439C-9E11-C1E10A4D7C8A}.Debug|x64.ActiveCfg = Debug|x64
		{E8707138-48C2-439C-9E11-C1E10A4D7C8A}.Debug|x64.Build.0 = Debug|x64
		{E8707138-48C2-439C-9E11-C1E10A4D7C8A}.Debug|x86.ActiveCfg = Debug|Win32
		{E8707138-48C2-439C-9E11-C1E10A4D7C8A}.Debug|x86.Build.0 = Debug|Win32
		{E8707138-48C2-439C-9E11-C1E10A4D7C8A}.Release|x64.ActiveCfg = Release|x64
		{E8707138-48C2-439C-9E11-C1E10A4D7C8A}.Release|x64.Build.0 = Release|x64
		{E8707138-48C2-439C-9E11-C1E10A4D7C8A}.Release|x86.ActiveCfg = Release|Win32
		{E8707138-48C2-439C-9E11-C1E10A4D7C8A}.Release|x86.Build.0 = Release|Win32
		{6EC87EDF-EBCB-4E3C-A673-75425F6DDD27}.Debug|x64.ActiveCfg = Debug|x64
		{6EC87EDF-EBCB-4E3C-A673-75425F6DDD27}.Debug|x64.Build.0 = Debug|x64
		{6EC87EDF-EBCB-4E3C-A673-75425F6DDD27}.Debug|x86.ActiveCfg = Debug|Win32
		{6EC87EDF-EBCB-4E3C-A673-75425F6DDD27}.Debug|x86.Build.0 = Debug|Win32
		{6EC87EDF-EBCB-4E3C-A673-75425F6DDD27}.Release|x64.ActiveCfg = Release|x64
		{6EC87EDF-EBCB-4E3C-A673-75425F6DDD27}.Release|x64.Build.0 = Release|x64
		{6EC87EDF-EBCB-4E3C-A673-75425F6DDD27}.Release|x86.ActiveCfg = Release|Win32
		{6EC87EDF-EBCB-4E3C-A673-75425F6DDD27}.Release|x86.Build.0 = Release|Win32
	EndGlobalSection
	GlobalSection(SolutionProperties) = preSolution
		HideSolutionNode = FALSE
	EndGlobalSection
	GlobalSection(ExtensibilityGlobals) = postSolution
		SolutionGuid = {4076A039-4841-4A7D-A848-D91C0CFF1E83}
	EndGlobalSection
EndGlobal
